
Microsoft Visual Studio Solution File, Format Version 12.00
# Visual Studio Version 17
VisualStudioVersion = 17.11.35327.3
MinimumVisualStudioVersion = 10.0.40219.1
Project("{9A19103F-16F7-4668-BE54-9A1E7A4F7556}") = "WinFormsPortada2", "WinFormsPortada2.csproj", "{064B96C5-7596-4EB6-9DCE-1FC033C636F3}"
EndProject
Project("{9A19103F-16F7-4668-BE54-9A1E7A4F7556}") = "projectM", "..\UsuarioYAdmin\projectM\projectM\projectM\projectM.csproj", "{118839DE-E9E2-411B-B58B-EF727C29C2C3}"
EndProject
Global
	GlobalSection(SolutionConfigurationPlatforms) = preSolution
		Debug|Any CPU = Debug|Any CPU
		Release|Any CPU = Release|Any CPU
	EndGlobalSection
	GlobalSection(ProjectConfigurationPlatforms) = postSolution
		{064B96C5-7596-4EB6-9DCE-1FC033C636F3}.Debug|Any CPU.ActiveCfg = Debug|Any CPU
		{064B96C5-7596-4EB6-9DCE-1FC033C636F3}.Debug|Any CPU.Build.0 = Debug|Any CPU
		{064B96C5-7596-4EB6-9DCE-1FC033C636F3}.Release|Any CPU.ActiveCfg = Release|Any CPU
		{064B96C5-7596-4EB6-9DCE-1FC033C636F3}.Release|Any CPU.Build.0 = Release|Any CPU
		{118839DE-E9E2-411B-B58B-EF727C29C2C3}.Debug|Any CPU.ActiveCfg = Debug|Any CPU
		{118839DE-E9E2-411B-B58B-EF727C29C2C3}.Debug|Any CPU.Build.0 = Debug|Any CPU
		{118839DE-E9E2-411B-B58B-EF727C29C2C3}.Release|Any CPU.ActiveCfg = Release|Any CPU
		{118839DE-E9E2-411B-B58B-EF727C29C2C3}.Release|Any CPU.Build.0 = Release|Any CPU
	EndGlobalSection
	GlobalSection(SolutionProperties) = preSolution
		HideSolutionNode = FALSE
	EndGlobalSection
	GlobalSection(ExtensibilityGlobals) = postSolution
		SolutionGuid = {609E0103-211E-4FCC-8C23-6EAF1223D0E0}
	EndGlobalSection
EndGlobal
